
Microsoft Visual Studio Solution File, Format Version 12.00
# Visual Studio Version 16
VisualStudioVersion = 16.0.30204.135
MinimumVisualStudioVersion = 10.0.40219.1
Project("{9A19103F-16F7-4668-BE54-9A1E7A4F7556}") = "bPetClinicSolution.Webapp", "bPetClinicSolution.Webapp\bPetClinicSolution.Webapp.csproj", "{796B2DC1-AD94-4C72-BFC1-2D2A101803A5}"
EndProject
Project("{9A19103F-16F7-4668-BE54-9A1E7A4F7556}") = "bPetClinicSolution.Data", "bPetClinicSolution.Data\bPetClinicSolution.Data.csproj", "{CD07DBEB-17D8-4D05-8194-2CCBC0B0EFB0}"
EndProject
Project("{9A19103F-16F7-4668-BE54-9A1E7A4F7556}") = "bPetClinicSolution.Application", "bPetClinicSolution.Application\bPetClinicSolution.Application.csproj", "{3A2510FA-CDB1-4340-BEF0-B62A0CF3BC8C}"
EndProject
Project("{9A19103F-16F7-4668-BE54-9A1E7A4F7556}") = "bPetClinicSolution.Utilities", "bPetClinicSolution.Utilities\bPetClinicSolution.Utilities.csproj", "{21D90D1A-7E23-40BF-A5FB-113092FEC807}"
EndProject
Project("{9A19103F-16F7-4668-BE54-9A1E7A4F7556}") = "bPetClinicSolution.ViewModels", "bPetClinicSolution.ViewModels\bPetClinicSolution.ViewModels.csproj", "{28CA42FC-0DD9-4775-9D9B-0BCDAF02F3F9}"
EndProject
Project("{9A19103F-16F7-4668-BE54-9A1E7A4F7556}") = "bPetClinicSolution.BackendApi", "bPetClinicSolution.BackendApi\bPetClinicSolution.BackendApi.csproj", "{1488F545-322C-40A5-9690-1F934F0B4632}"
EndProject
Project("{2150E333-8FDC-42A3-9474-1A3956D46DE8}") = "1.Infrastructor", "1.Infrastructor", "{07D4A435-130D-4092-9744-A0077B8CEA8B}"
EndProject
Project("{2150E333-8FDC-42A3-9474-1A3956D46DE8}") = "2.Domain", "2.Domain", "{098C198A-7FBD-4624-AADA-04A74D8FD715}"
EndProject
Project("{2150E333-8FDC-42A3-9474-1A3956D46DE8}") = "Hosts", "Hosts", "{DD210E4C-5764-4D23-8AD3-37656E065216}"
EndProject
Global
	GlobalSection(SolutionConfigurationPlatforms) = preSolution
		Debug|Any CPU = Debug|Any CPU
		Release|Any CPU = Release|Any CPU
	EndGlobalSection
	GlobalSection(ProjectConfigurationPlatforms) = postSolution
		{796B2DC1-AD94-4C72-BFC1-2D2A101803A5}.Debug|Any CPU.ActiveCfg = Debug|Any CPU
		{796B2DC1-AD94-4C72-BFC1-2D2A101803A5}.Debug|Any CPU.Build.0 = Debug|Any CPU
		{796B2DC1-AD94-4C72-BFC1-2D2A101803A5}.Release|Any CPU.ActiveCfg = Release|Any CPU
		{796B2DC1-AD94-4C72-BFC1-2D2A101803A5}.Release|Any CPU.Build.0 = Release|Any CPU
		{CD07DBEB-17D8-4D05-8194-2CCBC0B0EFB0}.Debug|Any CPU.ActiveCfg = Debug|Any CPU
		{CD07DBEB-17D8-4D05-8194-2CCBC0B0EFB0}.Debug|Any CPU.Build.0 = Debug|Any CPU
		{CD07DBEB-17D8-4D05-8194-2CCBC0B0EFB0}.Release|Any CPU.ActiveCfg = Release|Any CPU
		{CD07DBEB-17D8-4D05-8194-2CCBC0B0EFB0}.Release|Any CPU.Build.0 = Release|Any CPU
		{3A2510FA-CDB1-4340-BEF0-B62A0CF3BC8C}.Debug|Any CPU.ActiveCfg = Debug|Any CPU
		{3A2510FA-CDB1-4340-BEF0-B62A0CF3BC8C}.Debug|Any CPU.Build.0 = Debug|Any CPU
		{3A2510FA-CDB1-4340-BEF0-B62A0CF3BC8C}.Release|Any CPU.ActiveCfg = Release|Any CPU
		{3A2510FA-CDB1-4340-BEF0-B62A0CF3BC8C}.Release|Any CPU.Build.0 = Release|Any CPU
		{21D90D1A-7E23-40BF-A5FB-113092FEC807}.Debug|Any CPU.ActiveCfg = Debug|Any CPU
		{21D90D1A-7E23-40BF-A5FB-113092FEC807}.Debug|Any CPU.Build.0 = Debug|Any CPU
		{21D90D1A-7E23-40BF-A5FB-113092FEC807}.Release|Any CPU.ActiveCfg = Release|Any CPU
		{21D90D1A-7E23-40BF-A5FB-113092FEC807}.Release|Any CPU.Build.0 = Release|Any CPU
		{28CA42FC-0DD9-4775-9D9B-0BCDAF02F3F9}.Debug|Any CPU.ActiveCfg = Debug|Any CPU
		{28CA42FC-0DD9-4775-9D9B-0BCDAF02F3F9}.Debug|Any CPU.Build.0 = Debug|Any CPU
		{28CA42FC-0DD9-4775-9D9B-0BCDAF02F3F9}.Release|Any CPU.ActiveCfg = Release|Any CPU
		{28CA42FC-0DD9-4775-9D9B-0BCDAF02F3F9}.Release|Any CPU.Build.0 = Release|Any CPU
		{1488F545-322C-40A5-9690-1F934F0B4632}.Debug|Any CPU.ActiveCfg = Debug|Any CPU
		{1488F545-322C-40A5-9690-1F934F0B4632}.Debug|Any CPU.Build.0 = Debug|Any CPU
		{1488F545-322C-40A5-9690-1F934F0B4632}.Release|Any CPU.ActiveCfg = Release|Any CPU
		{1488F545-322C-40A5-9690-1F934F0B4632}.Release|Any CPU.Build.0 = Release|Any CPU
	EndGlobalSection
	GlobalSection(SolutionProperties) = preSolution
		HideSolutionNode = FALSE
	EndGlobalSection
	GlobalSection(NestedProjects) = preSolution
		{796B2DC1-AD94-4C72-BFC1-2D2A101803A5} = {DD210E4C-5764-4D23-8AD3-37656E065216}
		{CD07DBEB-17D8-4D05-8194-2CCBC0B0EFB0} = {098C198A-7FBD-4624-AADA-04A74D8FD715}
		{3A2510FA-CDB1-4340-BEF0-B62A0CF3BC8C} = {098C198A-7FBD-4624-AADA-04A74D8FD715}
		{21D90D1A-7E23-40BF-A5FB-113092FEC807} = {07D4A435-130D-4092-9744-A0077B8CEA8B}
		{28CA42FC-0DD9-4775-9D9B-0BCDAF02F3F9} = {07D4A435-130D-4092-9744-A0077B8CEA8B}
		{1488F545-322C-40A5-9690-1F934F0B4632} = {DD210E4C-5764-4D23-8AD3-37656E065216}
	EndGlobalSection
	GlobalSection(ExtensibilityGlobals) = postSolution
		SolutionGuid = {A22998DD-8D30-45FB-BE43-56775A561644}
	EndGlobalSection
EndGlobal
